// !$*UTF8*$!
{
	archiveVersion = 1;
	classes = {
	};
	objectVersion = 46;
	objects = {

/* Begin PBXBuildFile section */
		00A998B019D0ACA5004E697E /* main.m in Sources */ = {isa = PBXBuildFile; fileRef = 00A998AF19D0ACA5004E697E /* main.m */; };
		00A998B319D0ACA5004E697E /* AppDelegate.m in Sources */ = {isa = PBXBuildFile; fileRef = 00A998B219D0ACA5004E697E /* AppDelegate.m */; };
		00A998B619D0ACA5004E697E /* ViewController.m in Sources */ = {isa = PBXBuildFile; fileRef = 00A998B519D0ACA5004E697E /* ViewController.m */; };
		00A998B919D0ACA5004E697E /* Main.storyboard in Resources */ = {isa = PBXBuildFile; fileRef = 00A998B719D0ACA5004E697E /* Main.storyboard */; };
		00A998BB19D0ACA5004E697E /* Images.xcassets in Resources */ = {isa = PBXBuildFile; fileRef = 00A998BA19D0ACA5004E697E /* Images.xcassets */; };
		00A998BE19D0ACA5004E697E /* LaunchScreen.xib in Resources */ = {isa = PBXBuildFile; fileRef = 00A998BC19D0ACA5004E697E /* LaunchScreen.xib */; };
		00A998CA19D0ACA5004E697E /* User_Data_Challenge_SolutionTests.m in Sources */ = {isa = PBXBuildFile; fileRef = 00A998C919D0ACA5004E697E /* User_Data_Challenge_SolutionTests.m */; };
/* End PBXBuildFile section */

/* Begin PBXContainerItemProxy section */
		00A998C419D0ACA5004E697E /* PBXContainerItemProxy */ = {
			isa = PBXContainerItemProxy;
			containerPortal = 00A998A219D0ACA5004E697E /* Project object */;
			proxyType = 1;
			remoteGlobalIDString = 00A998A919D0ACA5004E697E;
			remoteInfo = "User Data Challenge Solution";
		};
/* End PBXContainerItemProxy section */

/* Begin PBXFileReference section */
		00A998AA19D0ACA5004E697E /* User Data Challenge Solution.app */ = {isa = PBXFileReference; explicitFileType = wrapper.application; includeInIndex = 0; path = "User Data Challenge Solution.app"; sourceTree = BUILT_PRODUCTS_DIR; };
		00A998AE19D0ACA5004E697E /* Info.plist */ = {isa = PBXFileReference; lastKnownFileType = text.plist.xml; path = Info.plist; sourceTree = "<group>"; };
		00A998AF19D0ACA5004E697E /* main.m */ = {isa = PBXFileReference; lastKnownFileType = sourcecode.c.objc; path = main.m; sourceTree = "<group>"; };
		00A998B119D0ACA5004E697E /* AppDelegate.h */ = {isa = PBXFileReference; lastKnownFileType = sourcecode.c.h; path = AppDelegate.h; sourceTree = "<group>"; };
		00A998B219D0ACA5004E697E /* AppDelegate.m */ = {isa = PBXFileReference; lastKnownFileType = sourcecode.c.objc; path = AppDelegate.m; sourceTree = "<group>"; };
		00A998B419D0ACA5004E697E /* ViewController.h */ = {isa = PBXFileReference; lastKnownFileType = sourcecode.c.h; path = ViewController.h; sourceTree = "<group>"; };
		00A998B519D0ACA5004E697E /* ViewController.m */ = {isa = PBXFileReference; lastKnownFileType = sourcecode.c.objc; path = ViewController.m; sourceTree = "<group>"; };
		00A998B819D0ACA5004E697E /* Base */ = {isa = PBXFileReference; lastKnownFileType = file.storyboard; name = Base; path = Base.lproj/Main.storyboard; sourceTree = "<group>"; };
		00A998BA19D0ACA5004E697E /* Images.xcassets */ = {isa = PBXFileReference; lastKnownFileType = folder.assetcatalog; path = Images.xcassets; sourceTree = "<group>"; };
		00A998BD19D0ACA5004E697E /* Base */ = {isa = PBXFileReference; lastKnownFileType = file.xib; name = Base; path = Base.lproj/LaunchScreen.xib; sourceTree = "<group>"; };
		00A998C319D0ACA5004E697E /* User Data Challenge SolutionTests.xctest */ = {isa = PBXFileReference; explicitFileType = wrapper.cfbundle; includeInIndex = 0; path = "User Data Challenge SolutionTests.xctest"; sourceTree = BUILT_PRODUCTS_DIR; };
		00A998C819D0ACA5004E697E /* Info.plist */ = {isa = PBXFileReference; lastKnownFileType = text.plist.xml; path = Info.plist; sourceTree = "<group>"; };
		00A998C919D0ACA5004E697E /* User_Data_Challenge_SolutionTests.m */ = {isa = PBXFileReference; lastKnownFileType = sourcecode.c.objc; path = User_Data_Challenge_SolutionTests.m; sourceTree = "<group>"; };
/* End PBXFileReference section */

/* Begin PBXFrameworksBuildPhase section */
		00A998A719D0ACA5004E697E /* Frameworks */ = {
			isa = PBXFrameworksBuildPhase;
			buildActionMask = 2147483647;
			files = (
			);
			runOnlyForDeploymentPostprocessing = 0;
		};
		00A998C019D0ACA5004E697E /* Frameworks */ = {
			isa = PBXFrameworksBuildPhase;
			buildActionMask = 2147483647;
			files = (
			);
			runOnlyForDeploymentPostprocessing = 0;
		};
/* End PBXFrameworksBuildPhase section */

/* Begin PBXGroup section */
		00A998A119D0ACA5004E697E = {
			isa = PBXGroup;
			children = (
				00A998AC19D0ACA5004E697E /* User Data Challenge Solution */,
				00A998C619D0ACA5004E697E /* User Data Challenge SolutionTests */,
				00A998AB19D0ACA5004E697E /* Products */,
			);
			sourceTree = "<group>";
		};
		00A998AB19D0ACA5004E697E /* Products */ = {
			isa = PBXGroup;
			children = (
				00A998AA19D0ACA5004E697E /* User Data Challenge Solution.app */,
				00A998C319D0ACA5004E697E /* User Data Challenge SolutionTests.xctest */,
			);
			name = Products;
			sourceTree = "<group>";
		};
		00A998AC19D0ACA5004E697E /* User Data Challenge Solution */ = {
			isa = PBXGroup;
			children = (
				00A998B119D0ACA5004E697E /* AppDelegate.h */,
				00A998B219D0ACA5004E697E /* AppDelegate.m */,
				00A998B419D0ACA5004E697E /* ViewController.h */,
				00A998B519D0ACA5004E697E /* ViewController.m */,
				00A998B719D0ACA5004E697E /* Main.storyboard */,
				00A998BA19D0ACA5004E697E /* Images.xcassets */,
				00A998BC19D0ACA5004E697E /* LaunchScreen.xib */,
				00A998AD19D0ACA5004E697E /* Supporting Files */,
			);
			path = "User Data Challenge Solution";
			sourceTree = "<group>";
		};
		00A998AD19D0ACA5004E697E /* Supporting Files */ = {
			isa = PBXGroup;
			children = (
				00A998AE19D0ACA5004E697E /* Info.plist */,
				00A998AF19D0ACA5004E697E /* main.m */,
			);
			name = "Supporting Files";
			sourceTree = "<group>";
		};
		00A998C619D0ACA5004E697E /* User Data Challenge SolutionTests */ = {
			isa = PBXGroup;
			children = (
				00A998C919D0ACA5004E697E /* User_Data_Challenge_SolutionTests.m */,
				00A998C719D0ACA5004E697E /* Supporting Files */,
			);
			path = "User Data Challenge SolutionTests";
			sourceTree = "<group>";
		};
		00A998C719D0ACA5004E697E /* Supporting Files */ = {
			isa = PBXGroup;
			children = (
				00A998C819D0ACA5004E697E /* Info.plist */,
			);
			name = "Supporting Files";
			sourceTree = "<group>";
		};
/* End PBXGroup section */

/* Begin PBXNativeTarget section */
		00A998A919D0ACA5004E697E /* User Data Challenge Solution */ = {
			isa = PBXNativeTarget;
			buildConfigurationList = 00A998CD19D0ACA5004E697E /* Build configuration list for PBXNativeTarget "User Data Challenge Solution" */;
			buildPhases = (
				00A998A619D0ACA5004E697E /* Sources */,
				00A998A719D0ACA5004E697E /* Frameworks */,
				00A998A819D0ACA5004E697E /* Resources */,
			);
			buildRules = (
			);
			dependencies = (
			);
			name = "User Data Challenge Solution";
			productName = "User Data Challenge Solution";
			productReference = 00A998AA19D0ACA5004E697E /* User Data Challenge Solution.app */;
			productType = "com.apple.product-type.application";
		};
		00A998C219D0ACA5004E697E /* User Data Challenge SolutionTests */ = {
			isa = PBXNativeTarget;
			buildConfigurationList = 00A998D019D0ACA5004E697E /* Build configuration list for PBXNativeTarget "User Data Challenge SolutionTests" */;
			buildPhases = (
				00A998BF19D0ACA5004E697E /* Sources */,
				00A998C019D0ACA5004E697E /* Frameworks */,
				00A998C119D0ACA5004E697E /* Resources */,
			);
			buildRules = (
			);
			dependencies = (
				00A998C519D0ACA5004E697E /* PBXTargetDependency */,
			);
			name = "User Data Challenge SolutionTests";
			productName = "User Data Challenge SolutionTests";
			productReference = 00A998C319D0ACA5004E697E /* User Data Challenge SolutionTests.xctest */;
			productType = "com.apple.product-type.bundle.unit-test";
		};
/* End PBXNativeTarget section */

/* Begin PBXProject section */
		00A998A219D0ACA5004E697E /* Project object */ = {
			isa = PBXProject;
			attributes = {
				LastUpgradeCheck = 0600;
				ORGANIZATIONNAME = "Brian Starr";
				TargetAttributes = {
					00A998A919D0ACA5004E697E = {
						CreatedOnToolsVersion = 6.0.1;
					};
					00A998C219D0ACA5004E697E = {
						CreatedOnToolsVersion = 6.0.1;
						TestTargetID = 00A998A919D0ACA5004E697E;
					};
				};
			};
			buildConfigurationList = 00A998A519D0ACA5004E697E /* Build configuration list for PBXProject "User Data Challenge Solution" */;
			compatibilityVersion = "Xcode 3.2";
			developmentRegion = English;
			hasScannedForEncodings = 0;
			knownRegions = (
				en,
				Base,
			);
			mainGroup = 00A998A119D0ACA5004E697E;
			productRefGroup = 00A998AB19D0ACA5004E697E /* Products */;
			projectDirPath = "";
			projectRoot = "";
			targets = (
				00A998A919D0ACA5004E697E /* User Data Challenge Solution */,
				00A998C219D0ACA5004E697E /* User Data Challenge SolutionTests */,
			);
		};
/* End PBXProject section */

/* Begin PBXResourcesBuildPhase section */
		00A998A819D0ACA5004E697E /* Resources */ = {
			isa = PBXResourcesBuildPhase;
			buildActionMask = 2147483647;
			files = (
				00A998B919D0ACA5004E697E /* Main.storyboard in Resources */,
				00A998BE19D0ACA5004E697E /* LaunchScreen.xib in Resources */,
				00A998BB19D0ACA5004E697E /* Images.xcassets in Resources */,
			);
			runOnlyForDeploymentPostprocessing = 0;
		};
		00A998C119D0ACA5004E697E /* Resources */ = {
			isa = PBXResourcesBuildPhase;
			buildActionMask = 2147483647;
			files = (
			);
			runOnlyForDeploymentPostprocessing = 0;
		};
/* End PBXResourcesBuildPhase section */

/* Begin PBXSourcesBuildPhase section */
		00A998A619D0ACA5004E697E /* Sources */ = {
			isa = PBXSourcesBuildPhase;
			buildActionMask = 2147483647;
			files = (
				00A998B619D0ACA5004E697E /* ViewController.m in Sources */,
				00A998B319D0ACA5004E697E /* AppDelegate.m in Sources */,
				00A998B019D0ACA5004E697E /* main.m in Sources */,
			);
			runOnlyForDeploymentPostprocessing = 0;
		};
		00A998BF19D0ACA5004E697E /* Sources */ = {
			isa = PBXSourcesBuildPhase;
			buildActionMask = 2147483647;
			files = (
				00A998CA19D0ACA5004E697E /* User_Data_Challenge_SolutionTests.m in Sources */,
			);
			runOnlyForDeploymentPostprocessing = 0;
		};
/* End PBXSourcesBuildPhase section */

/* Begin PBXTargetDependency section */
		00A998C519D0ACA5004E697E /* PBXTargetDependency */ = {
			isa = PBXTargetDependency;
			target = 00A998A919D0ACA5004E697E /* User Data Challenge Solution */;
			targetProxy = 00A998C419D0ACA5004E697E /* PBXContainerItemProxy */;
		};
/* End PBXTargetDependency section */

/* Begin PBXVariantGroup section */
		00A998B719D0ACA5004E697E /* Main.storyboard */ = {
			isa = PBXVariantGroup;
			children = (
				00A998B819D0ACA5004E697E /* Base */,
			);
			name = Main.storyboard;
			sourceTree = "<group>";
		};
		00A998BC19D0ACA5004E697E /* LaunchScreen.xib */ = {
			isa = PBXVariantGroup;
			children = (
				00A998BD19D0ACA5004E697E /* Base */,
			);
			name = LaunchScreen.xib;
			sourceTree = "<group>";
		};
/* End PBXVariantGroup section */

/* Begin XCBuildConfiguration section */
		00A998CB19D0ACA5004E697E /* Debug */ = {
			isa = XCBuildConfiguration;
			buildSettings = {
				ALWAYS_SEARCH_USER_PATHS = NO;
				CLANG_CXX_LANGUAGE_STANDARD = "gnu++0x";
				CLANG_CXX_LIBRARY = "libc++";
				CLANG_ENABLE_MODULES = YES;
				CLANG_ENABLE_OBJC_ARC = YES;
				CLANG_WARN_BOOL_CONVERSION = YES;
				CLANG_WARN_CONSTANT_CONVERSION = YES;
				CLANG_WARN_DIRECT_OBJC_ISA_USAGE = YES_ERROR;
				CLANG_WARN_EMPTY_BODY = YES;
				CLANG_WARN_ENUM_CONVERSION = YES;
				CLANG_WARN_INT_CONVERSION = YES;
				CLANG_WARN_OBJC_ROOT_CLASS = YES_ERROR;
				CLANG_WARN_UNREACHABLE_CODE = YES;
				CLANG_WARN__DUPLICATE_METHOD_MATCH = YES;
				"CODE_SIGN_IDENTITY[sdk=iphoneos*]" = "iPhone Developer";
				COPY_PHASE_STRIP = NO;
				ENABLE_STRICT_OBJC_MSGSEND = YES;
				GCC_C_LANGUAGE_STANDARD = gnu99;
				GCC_DYNAMIC_NO_PIC = NO;
				GCC_OPTIMIZATION_LEVEL = 0;
				GCC_PREPROCESSOR_DEFINITIONS = (
					"DEBUG=1",
					"$(inherited)",
				);
				GCC_SYMBOLS_PRIVATE_EXTERN = NO;
				GCC_WARN_64_TO_32_BIT_CONVERSION = YES;
				GCC_WARN_ABOUT_RETURN_TYPE = YES_ERROR;
				GCC_WARN_UNDECLARED_SELECTOR = YES;
				GCC_WARN_UNINITIALIZED_AUTOS = YES_AGGRESSIVE;
				GCC_WARN_UNUSED_FUNCTION = YES;
				GCC_WARN_UNUSED_VARIABLE = YES;
				IPHONEOS_DEPLOYMENT_TARGET = 8.0;
				MTL_ENABLE_DEBUG_INFO = YES;
				ONLY_ACTIVE_ARCH = YES;
				SDKROOT = iphoneos;
			};
			name = Debug;
		};
		00A998CC19D0ACA5004E697E /* Release */ = {
			isa = XCBuildConfiguration;
			buildSettings = {
				ALWAYS_SEARCH_USER_PATHS = NO;
				CLANG_CXX_LANGUAGE_STANDARD = "gnu++0x";
				CLANG_CXX_LIBRARY = "libc++";
				CLANG_ENABLE_MODULES = YES;
				CLANG_ENABLE_OBJC_ARC = YES;
				CLANG_WARN_BOOL_CONVERSION = YES;
				CLANG_WARN_CONSTANT_CONVERSION = YES;
				CLANG_WARN_DIRECT_OBJC_ISA_USAGE = YES_ERROR;
				CLANG_WARN_EMPTY_BODY = YES;
				CLANG_WARN_ENUM_CONVERSION = YES;
				CLANG_WARN_INT_CONVERSION = YES;
				CLANG_WARN_OBJC_ROOT_CLASS = YES_ERROR;
				CLANG_WARN_UNREACHABLE_CODE = YES;
				CLANG_WARN__DUPLICATE_METHOD_MATCH = YES;
				"CODE_SIGN_IDENTITY[sdk=iphoneos*]" = "iPhone Developer";
				COPY_PHASE_STRIP = YES;
				ENABLE_NS_ASSERTIONS = NO;
				ENABLE_STRICT_OBJC_MSGSEND = YES;
				GCC_C_LANGUAGE_STANDARD = gnu99;
				GCC_WARN_64_TO_32_BIT_CONVERSION = YES;
				GCC_WARN_ABOUT_RETURN_TYPE = YES_ERROR;
				GCC_WARN_UNDECLARED_SELECTOR = YES;
				GCC_WARN_UNINITIALIZED_AUTOS = YES_AGGRESSIVE;
				GCC_WARN_UNUSED_FUNCTION = YES;
				GCC_WARN_UNUSED_VARIABLE = YES;
				IPHONEOS_DEPLOYMENT_TARGET = 8.0;
				MTL_ENABLE_DEBUG_INFO = NO;
				SDKROOT = iphoneos;
				VALIDATE_PRODUCT = YES;
			};
			name = Release;
		};
		00A998CE19D0ACA5004E697E /* Debug */ = {
			isa = XCBuildConfiguration;
			buildSettings = {
				ASSETCATALOG_COMPILER_APPICON_NAME = AppIcon;
				INFOPLIST_FILE = "User Data Challenge Solution/Info.plist";
				LD_RUNPATH_SEARCH_PATHS = "$(inherited) @executable_path/Frameworks";
				PRODUCT_NAME = "$(TARGET_NAME)";
			};
			name = Debug;
		};
		00A998CF19D0ACA5004E697E /* Release */ = {
			isa = XCBuildConfiguration;
			buildSettings = {
				ASSETCATALOG_COMPILER_APPICON_NAME = AppIcon;
				INFOPLIST_FILE = "User Data Challenge Solution/Info.plist";
				LD_RUNPATH_SEARCH_PATHS = "$(inherited) @executable_path/Frameworks";
				PRODUCT_NAME = "$(TARGET_NAME)";
			};
			name = Release;
		};
		00A998D119D0ACA5004E697E /* Debug */ = {
			isa = XCBuildConfiguration;
			buildSettings = {
				BUNDLE_LOADER = "$(TEST_HOST)";
				FRAMEWORK_SEARCH_PATHS = (
					"$(SDKROOT)/Developer/Library/Frameworks",
					"$(inherited)",
				);
				GCC_PREPROCESSOR_DEFINITIONS = (
					"DEBUG=1",
					"$(inherited)",
				);
				INFOPLIST_FILE = "User Data Challenge SolutionTests/Info.plist";
				LD_RUNPATH_SEARCH_PATHS = "$(inherited) @executable_path/Frameworks @loader_path/Frameworks";
				PRODUCT_NAME = "$(TARGET_NAME)";
				TEST_HOST = "$(BUILT_PRODUCTS_DIR)/User Data Challenge Solution.app/User Data Challenge Solution";
			};
			name = Debug;
		};
		00A998D219D0ACA5004E697E /* Release */ = {
			isa = XCBuildConfiguration;
			buildSettings = {
				BUNDLE_LOADER = "$(TEST_HOST)";
				FRAMEWORK_SEARCH_PATHS = (
					"$(SDKROOT)/Developer/Library/Frameworks",
					"$(inherited)",
				);
				INFOPLIST_FILE = "User Data Challenge SolutionTests/Info.plist";
				LD_RUNPATH_SEARCH_PATHS = "$(inherited) @executable_path/Frameworks @loader_path/Frameworks";
				PRODUCT_NAME = "$(TARGET_NAME)";
				TEST_HOST = "$(BUILT_PRODUCTS_DIR)/User Data Challenge Solution.app/User Data Challenge Solution";
			};
			name = Release;
		};
/* End XCBuildConfiguration section */

/* Begin XCConfigurationList section */
		00A998A519D0ACA5004E697E /* Build configuration list for PBXProject "User Data Challenge Solution" */ = {
			isa = XCConfigurationList;
			buildConfigurations = (
				00A998CB19D0ACA5004E697E /* Debug */,
				00A998CC19D0ACA5004E697E /* Release */,
			);
			defaultConfigurationIsVisible = 0;
			defaultConfigurationName = Release;
		};
		00A998CD19D0ACA5004E697E /* Build configuration list for PBXNativeTarget "User Data Challenge Solution" */ = {
			isa = XCConfigurationList;
			buildConfigurations = (
				00A998CE19D0ACA5004E697E /* Debug */,
				00A998CF19D0ACA5004E697E /* Release */,
			);
			defaultConfigurationIsVisible = 0;
		};
		00A998D019D0ACA5004E697E /* Build configuration list for PBXNativeTarget "User Data Challenge SolutionTests" */ = {
			isa = XCConfigurationList;
			buildConfigurations = (
				00A998D119D0ACA5004E697E /* Debug */,
				00A998D219D0ACA5004E697E /* Release */,
			);
			defaultConfigurationIsVisible = 0;
		};
/* End XCConfigurationList section */
	};
	rootObject = 00A998A219D0ACA5004E697E /* Project object */;
}
